
Microsoft Visual Studio Solution File, Format Version 12.00
# Visual Studio Version 17
VisualStudioVersion = 17.0.31903.59
MinimumVisualStudioVersion = 10.0.40219.1
Project("{FAE04EC0-301F-11D3-BF4B-00C04F79EFBC}") = "FizzBuzz", "FizzBuzz\FizzBuzz.csproj", "{4B281477-12E5-4D3F-B181-2E7D0F9E6120}"
EndProject
Project("{FAE04EC0-301F-11D3-BF4B-00C04F79EFBC}") = "TwoSum", "TwoSum\TwoSum.csproj", "{C292FFBF-AD07-42FD-8C8D-F2AD629BAAAE}"
EndProject
Project("{FAE04EC0-301F-11D3-BF4B-00C04F79EFBC}") = "Valid Anagram", "Valid Anagram\Valid Anagram.csproj", "{A4B564B1-8001-4B2F-8A25-8691BFDAE9CA}"
EndProject
Project("{FAE04EC0-301F-11D3-BF4B-00C04F79EFBC}") = "Reverse String", "Reverse String\Reverse String.csproj", "{954D8155-D6AF-4977-9CF7-A8F5B7E23A97}"
EndProject
Project("{FAE04EC0-301F-11D3-BF4B-00C04F79EFBC}") = "Valid Palindrome", "Valid Palindrome\Valid Palindrome.csproj", "{4C4D7DE4-7026-4219-81A0-BEADAFC89732}"
EndProject
Project("{FAE04EC0-301F-11D3-BF4B-00C04F79EFBC}") = "Longest Common Prefix", "Longest Common Prefix\Longest Common Prefix.csproj", "{ABBA9D9F-4FDF-4EFB-A416-32503CC6BB41}"
EndProject
Project("{FAE04EC0-301F-11D3-BF4B-00C04F79EFBC}") = "Power of Three", "Power of Three\Power of Three.csproj", "{D8267AD0-5D0C-4F9F-B76B-66ACEFAF99DE}"
EndProject
Global
	GlobalSection(SolutionProperties) = preSolution
		HideSolutionNode = FALSE
	EndGlobalSection
	GlobalSection(SolutionConfigurationPlatforms) = preSolution
		Debug|Any CPU = Debug|Any CPU
		Debug|x64 = Debug|x64
		Debug|x86 = Debug|x86
		Release|Any CPU = Release|Any CPU
		Release|x64 = Release|x64
		Release|x86 = Release|x86
	EndGlobalSection
	GlobalSection(ProjectConfigurationPlatforms) = postSolution
		{4B281477-12E5-4D3F-B181-2E7D0F9E6120}.Debug|Any CPU.ActiveCfg = Debug|Any CPU
		{4B281477-12E5-4D3F-B181-2E7D0F9E6120}.Debug|Any CPU.Build.0 = Debug|Any CPU
		{4B281477-12E5-4D3F-B181-2E7D0F9E6120}.Debug|x64.ActiveCfg = Debug|Any CPU
		{4B281477-12E5-4D3F-B181-2E7D0F9E6120}.Debug|x64.Build.0 = Debug|Any CPU
		{4B281477-12E5-4D3F-B181-2E7D0F9E6120}.Debug|x86.ActiveCfg = Debug|Any CPU
		{4B281477-12E5-4D3F-B181-2E7D0F9E6120}.Debug|x86.Build.0 = Debug|Any CPU
		{4B281477-12E5-4D3F-B181-2E7D0F9E6120}.Release|Any CPU.ActiveCfg = Release|Any CPU
		{4B281477-12E5-4D3F-B181-2E7D0F9E6120}.Release|Any CPU.Build.0 = Release|Any CPU
		{4B281477-12E5-4D3F-B181-2E7D0F9E6120}.Release|x64.ActiveCfg = Release|Any CPU
		{4B281477-12E5-4D3F-B181-2E7D0F9E6120}.Release|x64.Build.0 = Release|Any CPU
		{4B281477-12E5-4D3F-B181-2E7D0F9E6120}.Release|x86.ActiveCfg = Release|Any CPU
		{4B281477-12E5-4D3F-B181-2E7D0F9E6120}.Release|x86.Build.0 = Release|Any CPU
		{C292FFBF-AD07-42FD-8C8D-F2AD629BAAAE}.Debug|Any CPU.ActiveCfg = Debug|Any CPU
		{C292FFBF-AD07-42FD-8C8D-F2AD629BAAAE}.Debug|Any CPU.Build.0 = Debug|Any CPU
		{C292FFBF-AD07-42FD-8C8D-F2AD629BAAAE}.Debug|x64.ActiveCfg = Debug|Any CPU
		{C292FFBF-AD07-42FD-8C8D-F2AD629BAAAE}.Debug|x64.Build.0 = Debug|Any CPU
		{C292FFBF-AD07-42FD-8C8D-F2AD629BAAAE}.Debug|x86.ActiveCfg = Debug|Any CPU
		{C292FFBF-AD07-42FD-8C8D-F2AD629BAAAE}.Debug|x86.Build.0 = Debug|Any CPU
		{C292FFBF-AD07-42FD-8C8D-F2AD629BAAAE}.Release|Any CPU.ActiveCfg = Release|Any CPU
		{C292FFBF-AD07-42FD-8C8D-F2AD629BAAAE}.Release|Any CPU.Build.0 = Release|Any CPU
		{C292FFBF-AD07-42FD-8C8D-F2AD629BAAAE}.Release|x64.ActiveCfg = Release|Any CPU
		{C292FFBF-AD07-42FD-8C8D-F2AD629BAAAE}.Release|x64.Build.0 = Release|Any CPU
		{C292FFBF-AD07-42FD-8C8D-F2AD629BAAAE}.Release|x86.ActiveCfg = Release|Any CPU
		{C292FFBF-AD07-42FD-8C8D-F2AD629BAAAE}.Release|x86.Build.0 = Release|Any CPU
		{A4B564B1-8001-4B2F-8A25-8691BFDAE9CA}.Debug|Any CPU.ActiveCfg = Debug|Any CPU
		{A4B564B1-8001-4B2F-8A25-8691BFDAE9CA}.Debug|Any CPU.Build.0 = Debug|Any CPU
		{A4B564B1-8001-4B2F-8A25-8691BFDAE9CA}.Debug|x64.ActiveCfg = Debug|Any CPU
		{A4B564B1-8001-4B2F-8A25-8691BFDAE9CA}.Debug|x64.Build.0 = Debug|Any CPU
		{A4B564B1-8001-4B2F-8A25-8691BFDAE9CA}.Debug|x86.ActiveCfg = Debug|Any CPU
		{A4B564B1-8001-4B2F-8A25-8691BFDAE9CA}.Debug|x86.Build.0 = Debug|Any CPU
		{A4B564B1-8001-4B2F-8A25-8691BFDAE9CA}.Release|Any CPU.ActiveCfg = Release|Any CPU
		{A4B564B1-8001-4B2F-8A25-8691BFDAE9CA}.Release|Any CPU.Build.0 = Release|Any CPU
		{A4B564B1-8001-4B2F-8A25-8691BFDAE9CA}.Release|x64.ActiveCfg = Release|Any CPU
		{A4B564B1-8001-4B2F-8A25-8691BFDAE9CA}.Release|x64.Build.0 = Release|Any CPU
		{A4B564B1-8001-4B2F-8A25-8691BFDAE9CA}.Release|x86.ActiveCfg = Release|Any CPU
		{A4B564B1-8001-4B2F-8A25-8691BFDAE9CA}.Release|x86.Build.0 = Release|Any CPU
		{954D8155-D6AF-4977-9CF7-A8F5B7E23A97}.Debug|Any CPU.ActiveCfg = Debug|Any CPU
		{954D8155-D6AF-4977-9CF7-A8F5B7E23A97}.Debug|Any CPU.Build.0 = Debug|Any CPU
		{954D8155-D6AF-4977-9CF7-A8F5B7E23A97}.Debug|x64.ActiveCfg = Debug|Any CPU
		{954D8155-D6AF-4977-9CF7-A8F5B7E23A97}.Debug|x64.Build.0 = Debug|Any CPU
		{954D8155-D6AF-4977-9CF7-A8F5B7E23A97}.Debug|x86.ActiveCfg = Debug|Any CPU
		{954D8155-D6AF-4977-9CF7-A8F5B7E23A97}.Debug|x86.Build.0 = Debug|Any CPU
		{954D8155-D6AF-4977-9CF7-A8F5B7E23A97}.Release|Any CPU.ActiveCfg = Release|Any CPU
		{954D8155-D6AF-4977-9CF7-A8F5B7E23A97}.Release|Any CPU.Build.0 = Release|Any CPU
		{954D8155-D6AF-4977-9CF7-A8F5B7E23A97}.Release|x64.ActiveCfg = Release|Any CPU
		{954D8155-D6AF-4977-9CF7-A8F5B7E23A97}.Release|x64.Build.0 = Release|Any CPU
		{954D8155-D6AF-4977-9CF7-A8F5B7E23A97}.Release|x86.ActiveCfg = Release|Any CPU
		{954D8155-D6AF-4977-9CF7-A8F5B7E23A97}.Release|x86.Build.0 = Release|Any CPU
		{4C4D7DE4-7026-4219-81A0-BEADAFC89732}.Debug|Any CPU.ActiveCfg = Debug|Any CPU
		{4C4D7DE4-7026-4219-81A0-BEADAFC89732}.Debug|Any CPU.Build.0 = Debug|Any CPU
		{4C4D7DE4-7026-4219-81A0-BEADAFC89732}.Debug|x64.ActiveCfg = Debug|Any CPU
		{4C4D7DE4-7026-4219-81A0-BEADAFC89732}.Debug|x64.Build.0 = Debug|Any CPU
		{4C4D7DE4-7026-4219-81A0-BEADAFC89732}.Debug|x86.ActiveCfg = Debug|Any CPU
		{4C4D7DE4-7026-4219-81A0-BEADAFC89732}.Debug|x86.Build.0 = Debug|Any CPU
		{4C4D7DE4-7026-4219-81A0-BEADAFC89732}.Release|Any CPU.ActiveCfg = Release|Any CPU
		{4C4D7DE4-7026-4219-81A0-BEADAFC89732}.Release|Any CPU.Build.0 = Release|Any CPU
		{4C4D7DE4-7026-4219-81A0-BEADAFC89732}.Release|x64.ActiveCfg = Release|Any CPU
		{4C4D7DE4-7026-4219-81A0-BEADAFC89732}.Release|x64.Build.0 = Release|Any CPU
		{4C4D7DE4-7026-4219-81A0-BEADAFC89732}.Release|x86.ActiveCfg = Release|Any CPU
		{4C4D7DE4-7026-4219-81A0-BEADAFC89732}.Release|x86.Build.0 = Release|Any CPU
		{ABBA9D9F-4FDF-4EFB-A416-32503CC6BB41}.Debug|Any CPU.ActiveCfg = Debug|Any CPU
		{ABBA9D9F-4FDF-4EFB-A416-32503CC6BB41}.Debug|Any CPU.Build.0 = Debug|Any CPU
		{ABBA9D9F-4FDF-4EFB-A416-32503CC6BB41}.Debug|x64.ActiveCfg = Debug|Any CPU
		{ABBA9D9F-4FDF-4EFB-A416-32503CC6BB41}.Debug|x64.Build.0 = Debug|Any CPU
		{ABBA9D9F-4FDF-4EFB-A416-32503CC6BB41}.Debug|x86.ActiveCfg = Debug|Any CPU
		{ABBA9D9F-4FDF-4EFB-A416-32503CC6BB41}.Debug|x86.Build.0 = Debug|Any CPU
		{ABBA9D9F-4FDF-4EFB-A416-32503CC6BB41}.Release|Any CPU.ActiveCfg = Release|Any CPU
		{ABBA9D9F-4FDF-4EFB-A416-32503CC6BB41}.Release|Any CPU.Build.0 = Release|Any CPU
		{ABBA9D9F-4FDF-4EFB-A416-32503CC6BB41}.Release|x64.ActiveCfg = Release|Any CPU
		{ABBA9D9F-4FDF-4EFB-A416-32503CC6BB41}.Release|x64.Build.0 = Release|Any CPU
		{ABBA9D9F-4FDF-4EFB-A416-32503CC6BB41}.Release|x86.ActiveCfg = Release|Any CPU
		{ABBA9D9F-4FDF-4EFB-A416-32503CC6BB41}.Release|x86.Build.0 = Release|Any CPU
		{D8267AD0-5D0C-4F9F-B76B-66ACEFAF99DE}.Debug|Any CPU.ActiveCfg = Debug|Any CPU
		{D8267AD0-5D0C-4F9F-B76B-66ACEFAF99DE}.Debug|Any CPU.Build.0 = Debug|Any CPU
		{D8267AD0-5D0C-4F9F-B76B-66ACEFAF99DE}.Debug|x64.ActiveCfg = Debug|Any CPU
		{D8267AD0-5D0C-4F9F-B76B-66ACEFAF99DE}.Debug|x64.Build.0 = Debug|Any CPU
		{D8267AD0-5D0C-4F9F-B76B-66ACEFAF99DE}.Debug|x86.ActiveCfg = Debug|Any CPU
		{D8267AD0-5D0C-4F9F-B76B-66ACEFAF99DE}.Debug|x86.Build.0 = Debug|Any CPU
		{D8267AD0-5D0C-4F9F-B76B-66ACEFAF99DE}.Release|Any CPU.ActiveCfg = Release|Any CPU
		{D8267AD0-5D0C-4F9F-B76B-66ACEFAF99DE}.Release|Any CPU.Build.0 = Release|Any CPU
		{D8267AD0-5D0C-4F9F-B76B-66ACEFAF99DE}.Release|x64.ActiveCfg = Release|Any CPU
		{D8267AD0-5D0C-4F9F-B76B-66ACEFAF99DE}.Release|x64.Build.0 = Release|Any CPU
		{D8267AD0-5D0C-4F9F-B76B-66ACEFAF99DE}.Release|x86.ActiveCfg = Release|Any CPU
		{D8267AD0-5D0C-4F9F-B76B-66ACEFAF99DE}.Release|x86.Build.0 = Release|Any CPU
	EndGlobalSection
EndGlobal
